
Microsoft Visual Studio Solution File, Format Version 12.00
# Visual Studio Version 16
VisualStudioVersion = 16.0.28822.285
MinimumVisualStudioVersion = 10.0.40219.1
Project("{FAE04EC0-301F-11D3-BF4B-00C04F79EFBC}") = "TestApi", "TestApi\TestApi.csproj", "{3C2ED14A-C52C-41A5-A3EB-2E1846F09625}"
EndProject
Global
	GlobalSection(SolutionConfigurationPlatforms) = preSolution
		Debug|Any CPU = Debug|Any CPU
		Release|Any CPU = Release|Any CPU
	EndGlobalSection
	GlobalSection(ProjectConfigurationPlatforms) = postSolution
		{3C2ED14A-C52C-41A5-A3EB-2E1846F09625}.Debug|Any CPU.ActiveCfg = Debug|Any CPU
		{3C2ED14A-C52C-41A5-A3EB-2E1846F09625}.Debug|Any CPU.Build.0 = Debug|Any CPU
		{3C2ED14A-C52C-41A5-A3EB-2E1846F09625}.Release|Any CPU.ActiveCfg = Release|Any CPU
		{3C2ED14A-C52C-41A5-A3EB-2E1846F09625}.Release|Any CPU.Build.0 = Release|Any CPU
	EndGlobalSection
	GlobalSection(SolutionProperties) = preSolution
		HideSolutionNode = FALSE
	EndGlobalSection
	GlobalSection(ExtensibilityGlobals) = postSolution
		SolutionGuid = {439497E7-D597-4041-AA61-0C30EE8F3F1D}
	EndGlobalSection
EndGlobal
